PODS:
  - BerTlv (0.1.5)
  - OMGHTTPURLRQ/UserAgent (3.2.4)
  - PaynetEasyReader (0.2.27-5):
    - BerTlv (~> 0.1.4)
    - RemoteLogger (= 0.1.2)
    - TDOAuth (~> 1.0)
  - PayneteasyReaderI18n (1.0.2)
  - RemoteLogger (0.1.2)
  - TDOAuth (1.1.5):
    - OMGHTTPURLRQ/UserAgent

DEPENDENCIES:
  - PaynetEasyReader (from `git://github.com/payneteasy/PaynetEasyReader.git`, tag `0.2.27-5`)
  - PayneteasyReaderI18n (from `git://github.com/payneteasy/PayneteasyReaderI18n.git`, tag `1.0.3`)

SPEC REPOS:
  https://github.com/cocoapods/specs.git:
    - BerTlv
    - OMGHTTPURLRQ
    - RemoteLogger
    - TDOAuth

EXTERNAL SOURCES:
  PaynetEasyReader:
    :git: git://github.com/payneteasy/PaynetEasyReader.git
    :tag: 0.2.27-5
  PayneteasyReaderI18n:
    :git: git://github.com/payneteasy/PayneteasyReaderI18n.git
    :tag: 1.0.3

CHECKOUT OPTIONS:
  PaynetEasyReader:
    :git: git://github.com/payneteasy/PaynetEasyReader.git
    :tag: 0.2.27-5
  PayneteasyReaderI18n:
    :git: git://github.com/payneteasy/PayneteasyReaderI18n.git
    :tag: 1.0.3

SPEC CHECKSUMS:
  BerTlv: d7eec8b7f0d9f1b19abad82c36bf9fddc72c5d53
  OMGHTTPURLRQ: 9ac96bdf5c90a33f75836630729ea1adc312a9ed
  PaynetEasyReader: 0c2ba88b101ee14303416a7d6fe07916084e7dae
  PayneteasyReaderI18n: f5e7fa64ea5dddfd74983ae7b5e28684e4069d5d
  RemoteLogger: 60d4d44af2c921e33a482dfac7f555269c794d49
  TDOAuth: 7a3e54c3d0c1d8839159ced1e08ce9c36796fd3c

PODFILE CHECKSUM: 3ebdee77e92d8d50af3a5f5fa4cf685475605e30

COCOAPODS: 1.5.3
