PODS:
  - BerTlv (0.1.4)
  - OMGHTTPURLRQ/UserAgent (3.1.2)
  - PaynetEasyReader (0.2.0):
    - BerTlv (~> 0.1.4)
    - TDOAuth (~> 1.0)
  - TDOAuth (1.1.2):
    - OMGHTTPURLRQ/UserAgent

DEPENDENCIES:
  - PaynetEasyReader (from `git@github.com:payneteasy/PaynetEasyReader.git`)

EXTERNAL SOURCES:
  PaynetEasyReader:
    :git: git@github.com:payneteasy/PaynetEasyReader.git

CHECKOUT OPTIONS:
  PaynetEasyReader:
    :commit: 7aeb3d4331437e704690ea33a67d8e9c380f5d7e
    :git: git@github.com:payneteasy/PaynetEasyReader.git

SPEC CHECKSUMS:
  BerTlv: f36e41fdec4329ee1edde586427756e06f344814
  OMGHTTPURLRQ: 38316b56d88125c600bcdb16df8329147da2b0ee
  PaynetEasyReader: f5f0a44b22a9591d8c0873fddebcf379b2c11b42
  TDOAuth: f7e356e834295b83c7b5066ee72a30f128c5f722

PODFILE CHECKSUM: 4f0e2273d2b052390623471fda6799d0640fe2fb

COCOAPODS: 1.0.1
